
Microsoft Visual Studio Solution File, Format Version 12.00
# Visual Studio Version 16
VisualStudioVersion = 16.0.32002.261
MinimumVisualStudioVersion = 10.0.40219.1
Project("{FAE04EC0-301F-11D3-BF4B-00C04F79EFBC}") = "ECards", "ECards.csproj", "{F638E3D8-A339-47A1-97C3-1BBEBCC0F6C6}"
EndProject
Project("{9A19103F-16F7-4668-BE54-9A1E7A4F7556}") = "ECardsServer", "..\ECardsServer\ECardsServer.csproj", "{3DCFF986-C865-4635-9C16-6CF97E79D4A3}"
EndProject
Project("{2150E333-8FDC-42A3-9474-1A3956D46DE8}") = "Solution Items", "Solution Items", "{898437E9-9590-40B3-A297-7057072348BF}"
	ProjectSection(SolutionItems) = preProject
		.editorconfig = .editorconfig
	EndProjectSection
EndProject
Project("{FAE04EC0-301F-11D3-BF4B-00C04F79EFBC}") = "ECardsLibFramework", "..\ECardsLibFramework\ECardsLibFramework.csproj", "{4803D540-B7EC-4F51-B81A-D4E67356BD35}"
EndProject
Global
	GlobalSection(SolutionConfigurationPlatforms) = preSolution
		Debug|Any CPU = Debug|Any CPU
		Release|Any CPU = Release|Any CPU
	EndGlobalSection
	GlobalSection(ProjectConfigurationPlatforms) = postSolution
		{F638E3D8-A339-47A1-97C3-1BBEBCC0F6C6}.Debug|Any CPU.ActiveCfg = Debug|Any CPU
		{F638E3D8-A339-47A1-97C3-1BBEBCC0F6C6}.Debug|Any CPU.Build.0 = Debug|Any CPU
		{F638E3D8-A339-47A1-97C3-1BBEBCC0F6C6}.Release|Any CPU.ActiveCfg = Release|Any CPU
		{F638E3D8-A339-47A1-97C3-1BBEBCC0F6C6}.Release|Any CPU.Build.0 = Release|Any CPU
		{3DCFF986-C865-4635-9C16-6CF97E79D4A3}.Debug|Any CPU.ActiveCfg = Debug|Any CPU
		{3DCFF986-C865-4635-9C16-6CF97E79D4A3}.Debug|Any CPU.Build.0 = Debug|Any CPU
		{3DCFF986-C865-4635-9C16-6CF97E79D4A3}.Release|Any CPU.ActiveCfg = Release|Any CPU
		{3DCFF986-C865-4635-9C16-6CF97E79D4A3}.Release|Any CPU.Build.0 = Release|Any CPU
		{4803D540-B7EC-4F51-B81A-D4E67356BD35}.Debug|Any CPU.ActiveCfg = Debug|Any CPU
		{4803D540-B7EC-4F51-B81A-D4E67356BD35}.Debug|Any CPU.Build.0 = Debug|Any CPU
		{4803D540-B7EC-4F51-B81A-D4E67356BD35}.Release|Any CPU.ActiveCfg = Release|Any CPU
		{4803D540-B7EC-4F51-B81A-D4E67356BD35}.Release|Any CPU.Build.0 = Release|Any CPU
	EndGlobalSection
	GlobalSection(SolutionProperties) = preSolution
		HideSolutionNode = FALSE
	EndGlobalSection
	GlobalSection(ExtensibilityGlobals) = postSolution
		SolutionGuid = {27DDC711-285D-407D-8B7E-06B16D9A6F90}
	EndGlobalSection
EndGlobal
